# This file was autogenerated by Stack.
# You should not edit this file by hand.
# For more information, please see the documentation at:
#   https://docs.haskellstack.org/en/stable/topics/lock_files

packages:
- completed:
    hackage: vulkan-3.26.4@sha256:60723619151ed887af07017c712bf9923e5475796b07e1aee8e9c909f4a3aa1a,34156
    pantry-tree:
      sha256: d88124b804534526aeb8da55d77d7161e751408815407ed9e3c16db1a5bb134c
      size: 94192
  original:
    hackage: vulkan-3.26.4@sha256:60723619151ed887af07017c712bf9923e5475796b07e1aee8e9c909f4a3aa1a,34156
- completed:
    commit: 7c157af011c646cd9c8286d126aa967ad1a670e5
    git: https://git.sr.ht/~heitor/wavefront
    name: wavefront
    pantry-tree:
      sha256: cbd233525bf5e5ce43464fce1ec43496afff937c5836d4d11e3d70daa4c6988e
      size: 1124
    version: 0.7.1.5
  original:
    commit: 7c157af011c646cd9c8286d126aa967ad1a670e5
    git: https://git.sr.ht/~heitor/wavefront
snapshots:
- completed:
    sha256: 655e468f774beee1badf07dc4c45fb50288d5c66ce7bef6f487b7f92891a90b0
    size: 728965
    url: https://raw.githubusercontent.com/commercialhaskell/stackage-snapshots/master/lts/24/37.yaml
  original:
    url: https://raw.githubusercontent.com/commercialhaskell/stackage-snapshots/master/lts/24/37.yaml
