# This file was autogenerated by Stack.
# You should not edit this file by hand.
# For more information, please see the documentation at:
#   https://docs.haskellstack.org/en/stable/topics/lock_files

packages:
- completed:
    hackage: geomancy-0.3.0.1@sha256:3065cb7746b85fbcedc9b5dbcd7222510399217a9e046daed01c9b2998ddc534,2636
    pantry-tree:
      sha256: 6f1d29aa90ffaea5a0d1acfe38631a988c4d28b0529c5ac33dcb7bf9aa230f2a
      size: 1954
  original:
    hackage: geomancy-0.3.0.1@sha256:3065cb7746b85fbcedc9b5dbcd7222510399217a9e046daed01c9b2998ddc534,2636
- completed:
    hackage: gl-block-1.0@sha256:4b098e98a8c8b566cb583c6c105eeafe6be80f7f4a0f687f4d8781841acce8e4,1762
    pantry-tree:
      sha256: 61ba9f777adda84168a9cf888b474438d81ca877fdabb4a2473b047ac6719085
      size: 546
  original:
    hackage: gl-block-1.0@sha256:4b098e98a8c8b566cb583c6c105eeafe6be80f7f4a0f687f4d8781841acce8e4,1762
- completed:
    hackage: ptrdiff-0@sha256:0aef162233f5dcf64bd6993e4df4769c31df693e0002c797fb06998df2fae10e,843
    pantry-tree:
      sha256: 44b24db00ca60d3c64c36720dbbb41ae212c4e587c51ad077395a788e63ff1f9
      size: 272
  original:
    hackage: ptrdiff-0@sha256:0aef162233f5dcf64bd6993e4df4769c31df693e0002c797fb06998df2fae10e,843
- completed:
    hackage: webcolor-labels-0.1.0.0@sha256:ad776868b81d2908e69b0e4620c307b3b847ea959d46e96b11e04d51efeb2124,1995
    pantry-tree:
      sha256: 7391909f76da1f851c6b90d3637dfa4ea10cd5ac691722e15497d925749b15f1
      size: 332
  original:
    hackage: webcolor-labels-0.1.0.0@sha256:ad776868b81d2908e69b0e4620c307b3b847ea959d46e96b11e04d51efeb2124,1995
- completed:
    commit: 6e9408ce2347f70a7c952ffcdbda3dc6d1fba60b
    git: https://gitlab.com/dpwiz/ktx.git
    name: ktx-codec
    pantry-tree:
      sha256: 2d461dd8bf4bac8d1d4662d6bb3bfd7fce6a72c6e7cc75c41131f81eddfbe285
      size: 889
    subdir: ktx-codec
    version: 0.1.0.0
  original:
    commit: 6e9408ce2347f70a7c952ffcdbda3dc6d1fba60b
    git: https://gitlab.com/dpwiz/ktx.git
    subdir: ktx-codec
- completed:
    commit: eacd7eb5de83600c4f3886e2f3207a1eff4e3780
    git: https://gitlab.com/heitor.toledo/gltf.git
    name: gltf-codec
    pantry-tree:
      sha256: 0225f24cc6884f6baae28103d674419d537dda634b9c2794fc14e95ff57df312
      size: 1672
    subdir: gltf-codec
    version: 0.1.0.5
  original:
    commit: eacd7eb5de83600c4f3886e2f3207a1eff4e3780
    git: https://gitlab.com/heitor.toledo/gltf.git
    subdir: gltf-codec
- completed:
    hackage: gltf-loader-0.3.0.0@sha256:e1ebcadd308fa53fadfa284ad8e374cba96d44ed0939f52708534f8ae4feb6f7,5837
    pantry-tree:
      sha256: 556fefe2e71c1c8d4927ec467ad86f7308f8e8b377f43ed4c328ab5f2de37daf
      size: 1863
  original:
    hackage: gltf-loader-0.3.0.0@sha256:e1ebcadd308fa53fadfa284ad8e374cba96d44ed0939f52708534f8ae4feb6f7,5837
- completed:
    hackage: vulkan-3.26.4@sha256:60723619151ed887af07017c712bf9923e5475796b07e1aee8e9c909f4a3aa1a,34156
    pantry-tree:
      sha256: d88124b804534526aeb8da55d77d7161e751408815407ed9e3c16db1a5bb134c
      size: 94192
  original:
    hackage: vulkan-3.26.4@sha256:60723619151ed887af07017c712bf9923e5475796b07e1aee8e9c909f4a3aa1a,34156
snapshots:
- completed:
    sha256: 655e468f774beee1badf07dc4c45fb50288d5c66ce7bef6f487b7f92891a90b0
    size: 728965
    url: https://raw.githubusercontent.com/commercialhaskell/stackage-snapshots/master/lts/24/37.yaml
  original:
    url: https://raw.githubusercontent.com/commercialhaskell/stackage-snapshots/master/lts/24/37.yaml
